
Microsoft Visual Studio Solution File, Format Version 12.00
# Visual Studio Version 16
VisualStudioVersion = 16.0.31624.102
MinimumVisualStudioVersion = 10.0.40219.1
Project("{9A19103F-16F7-4668-BE54-9A1E7A4F7556}") = "progetto_15_09_2021", "progetto_15_09_2021\progetto_15_09_2021.csproj", "{0DE26E99-8B78-4A1E-9AEF-A0AFEE694187}"
EndProject
Project("{9A19103F-16F7-4668-BE54-9A1E7A4F7556}") = "Scuola", "Scuola\Scuola.csproj", "{0ECBE47B-969E-4CC6-8492-8C2E30896AF6}"
EndProject
Project("{9A19103F-16F7-4668-BE54-9A1E7A4F7556}") = "ExceptionEsempi", "ExceptionProject\ExceptionEsempi.csproj", "{28784AD5-1D9F-441F-A99A-396E47B37899}"
EndProject
Global
	GlobalSection(SolutionConfigurationPlatforms) = preSolution
		Debug|Any CPU = Debug|Any CPU
		Release|Any CPU = Release|Any CPU
	EndGlobalSection
	GlobalSection(ProjectConfigurationPlatforms) = postSolution
		{0DE26E99-8B78-4A1E-9AEF-A0AFEE694187}.Debug|Any CPU.ActiveCfg = Debug|Any CPU
		{0DE26E99-8B78-4A1E-9AEF-A0AFEE694187}.Debug|Any CPU.Build.0 = Debug|Any CPU
		{0DE26E99-8B78-4A1E-9AEF-A0AFEE694187}.Release|Any CPU.ActiveCfg = Release|Any CPU
		{0DE26E99-8B78-4A1E-9AEF-A0AFEE694187}.Release|Any CPU.Build.0 = Release|Any CPU
		{0ECBE47B-969E-4CC6-8492-8C2E30896AF6}.Debug|Any CPU.ActiveCfg = Debug|Any CPU
		{0ECBE47B-969E-4CC6-8492-8C2E30896AF6}.Debug|Any CPU.Build.0 = Debug|Any CPU
		{0ECBE47B-969E-4CC6-8492-8C2E30896AF6}.Release|Any CPU.ActiveCfg = Release|Any CPU
		{0ECBE47B-969E-4CC6-8492-8C2E30896AF6}.Release|Any CPU.Build.0 = Release|Any CPU
		{28784AD5-1D9F-441F-A99A-396E47B37899}.Debug|Any CPU.ActiveCfg = Debug|Any CPU
		{28784AD5-1D9F-441F-A99A-396E47B37899}.Debug|Any CPU.Build.0 = Debug|Any CPU
		{28784AD5-1D9F-441F-A99A-396E47B37899}.Release|Any CPU.ActiveCfg = Release|Any CPU
		{28784AD5-1D9F-441F-A99A-396E47B37899}.Release|Any CPU.Build.0 = Release|Any CPU
	EndGlobalSection
	GlobalSection(SolutionProperties) = preSolution
		HideSolutionNode = FALSE
	EndGlobalSection
	GlobalSection(ExtensibilityGlobals) = postSolution
		SolutionGuid = {E539163C-9905-4F07-9AD7-CF90A25FF7D2}
	EndGlobalSection
EndGlobal
